
Microsoft Visual Studio Solution File, Format Version 11.00
# Visual Studio 2010
Project("{FAE04EC0-301F-11D3-BF4B-00C04F79EFBC}") = "MvvmLight1", "MvvmLight1\MvvmLight1.csproj", "{32D3368D-E513-491C-82D1-07387ED71C4C}"
EndProject
Project("{FAE04EC0-301F-11D3-BF4B-00C04F79EFBC}") = "VkWP", "VkWP\VkWP.csproj", "{2619EDEB-6CFB-4975-AF5D-FBCDB29C6141}"
EndProject
Global
	GlobalSection(SolutionConfigurationPlatforms) = preSolution
		Debug|Any CPU = Debug|Any CPU
		Release|Any CPU = Release|Any CPU
	EndGlobalSection
	GlobalSection(ProjectConfigurationPlatforms) = postSolution
		{32D3368D-E513-491C-82D1-07387ED71C4C}.Debug|Any CPU.ActiveCfg = Debug|Any CPU
		{32D3368D-E513-491C-82D1-07387ED71C4C}.Debug|Any CPU.Build.0 = Debug|Any CPU
		{32D3368D-E513-491C-82D1-07387ED71C4C}.Debug|Any CPU.Deploy.0 = Debug|Any CPU
		{32D3368D-E513-491C-82D1-07387ED71C4C}.Release|Any CPU.ActiveCfg = Release|Any CPU
		{32D3368D-E513-491C-82D1-07387ED71C4C}.Release|Any CPU.Build.0 = Release|Any CPU
		{32D3368D-E513-491C-82D1-07387ED71C4C}.Release|Any CPU.Deploy.0 = Release|Any CPU
		{2619EDEB-6CFB-4975-AF5D-FBCDB29C6141}.Debug|Any CPU.ActiveCfg = Debug|Any CPU
		{2619EDEB-6CFB-4975-AF5D-FBCDB29C6141}.Debug|Any CPU.Build.0 = Debug|Any CPU
		{2619EDEB-6CFB-4975-AF5D-FBCDB29C6141}.Release|Any CPU.ActiveCfg = Release|Any CPU
		{2619EDEB-6CFB-4975-AF5D-FBCDB29C6141}.Release|Any CPU.Build.0 = Release|Any CPU
	EndGlobalSection
	GlobalSection(SolutionProperties) = preSolution
		HideSolutionNode = FALSE
	EndGlobalSection
EndGlobal
